
Microsoft Visual Studio Solution File, Format Version 11.00
# Visual Studio 2010
Project("{8BC9CEB8-8B4A-11D0-8D11-00A0C91BC942}") = "AsmJit", "AsmJit\AsmJit.vcxproj", "{7CF67962-1EE0-4C5E-98C1-FA5340CCCD47}"
EndProject
Project("{FAE04EC0-301F-11D3-BF4B-00C04F79EFBC}") = "AsmJitNetTest", "AsmJitNetTest\AsmJitNetTest.csproj", "{2D2546B5-4F7D-4DE0-BF96-C00CDC9A6F6C}"
EndProject
Project("{2150E333-8FDC-42A3-9474-1A3956D46DE8}") = "Solution Items", "Solution Items", "{CECBD065-D8CF-4077-87A4-985FC8F81E43}"
	ProjectSection(SolutionItems) = preProject
		AsmJitNet.vsmdi = AsmJitNet.vsmdi
		Local.testsettings = Local.testsettings
		TraceAndTestImpact.testsettings = TraceAndTestImpact.testsettings
	EndProjectSection
EndProject
Project("{FAE04EC0-301F-11D3-BF4B-00C04F79EFBC}") = "AsmJitNet", "AsmJitNet\AsmJitNet.csproj", "{03B87F76-C672-449A-9272-A866C6B62481}"
EndProject
Project("{FAE04EC0-301F-11D3-BF4B-00C04F79EFBC}") = "AsmJit.Sample", "AsmJit.Sample\AsmJit.Sample.csproj", "{95722EF0-B44A-4555-B6A5-D5DD370D66F2}"
EndProject
Project("{FAE04EC0-301F-11D3-BF4B-00C04F79EFBC}") = "AsmJit.Intrinsics", "AsmJit.Intrinsics\AsmJit.Intrinsics.csproj", "{E3A831E8-85C8-413F-A3E1-7F6B391B1148}"
EndProject
Project("{FAE04EC0-301F-11D3-BF4B-00C04F79EFBC}") = "AsmJit.Core", "AsmJit.Core\AsmJit.Core.csproj", "{8F5C70E5-0E77-4C5C-89E0-3F572531FA6B}"
EndProject
Project("{FAE04EC0-301F-11D3-BF4B-00C04F79EFBC}") = "AsmJit.Compiler", "AsmJit.Compiler\AsmJit.Compiler.csproj", "{1AB83FFB-3A79-4DFA-9E18-98F506E62951}"
EndProject
Global
	GlobalSection(TestCaseManagementSettings) = postSolution
		CategoryFile = AsmJitNet.vsmdi
	EndGlobalSection
	GlobalSection(SolutionConfigurationPlatforms) = preSolution
		Debug|Any CPU = Debug|Any CPU
		Debug|Mixed Platforms = Debug|Mixed Platforms
		Debug|Win32 = Debug|Win32
		Debug|x64 = Debug|x64
		Debug|x86 = Debug|x86
		Release|Any CPU = Release|Any CPU
		Release|Mixed Platforms = Release|Mixed Platforms
		Release|Win32 = Release|Win32
		Release|x64 = Release|x64
		Release|x86 = Release|x86
	EndGlobalSection
	GlobalSection(ProjectConfigurationPlatforms) = postSolution
		{7CF67962-1EE0-4C5E-98C1-FA5340CCCD47}.Debug|Any CPU.ActiveCfg = Debug|Win32
		{7CF67962-1EE0-4C5E-98C1-FA5340CCCD47}.Debug|Mixed Platforms.ActiveCfg = Debug|Win32
		{7CF67962-1EE0-4C5E-98C1-FA5340CCCD47}.Debug|Mixed Platforms.Build.0 = Debug|Win32
		{7CF67962-1EE0-4C5E-98C1-FA5340CCCD47}.Debug|Win32.ActiveCfg = Debug|Win32
		{7CF67962-1EE0-4C5E-98C1-FA5340CCCD47}.Debug|Win32.Build.0 = Debug|Win32
		{7CF67962-1EE0-4C5E-98C1-FA5340CCCD47}.Debug|x64.ActiveCfg = Debug|Win32
		{7CF67962-1EE0-4C5E-98C1-FA5340CCCD47}.Debug|x86.ActiveCfg = Debug|Win32
		{7CF67962-1EE0-4C5E-98C1-FA5340CCCD47}.Release|Any CPU.ActiveCfg = Release|Win32
		{7CF67962-1EE0-4C5E-98C1-FA5340CCCD47}.Release|Mixed Platforms.ActiveCfg = Release|Win32
		{7CF67962-1EE0-4C5E-98C1-FA5340CCCD47}.Release|Mixed Platforms.Build.0 = Release|Win32
		{7CF67962-1EE0-4C5E-98C1-FA5340CCCD47}.Release|Win32.ActiveCfg = Release|Win32
		{7CF67962-1EE0-4C5E-98C1-FA5340CCCD47}.Release|Win32.Build.0 = Release|Win32
		{7CF67962-1EE0-4C5E-98C1-FA5340CCCD47}.Release|x64.ActiveCfg = Release|Win32
		{7CF67962-1EE0-4C5E-98C1-FA5340CCCD47}.Release|x86.ActiveCfg = Release|Win32
		{2D2546B5-4F7D-4DE0-BF96-C00CDC9A6F6C}.Debug|Any CPU.ActiveCfg = Debug|x64
		{2D2546B5-4F7D-4DE0-BF96-C00CDC9A6F6C}.Debug|Mixed Platforms.ActiveCfg = Debug|x64
		{2D2546B5-4F7D-4DE0-BF96-C00CDC9A6F6C}.Debug|Mixed Platforms.Build.0 = Debug|x64
		{2D2546B5-4F7D-4DE0-BF96-C00CDC9A6F6C}.Debug|Win32.ActiveCfg = Debug|x64
		{2D2546B5-4F7D-4DE0-BF96-C00CDC9A6F6C}.Debug|x64.ActiveCfg = Debug|x64
		{2D2546B5-4F7D-4DE0-BF96-C00CDC9A6F6C}.Debug|x64.Build.0 = Debug|x64
		{2D2546B5-4F7D-4DE0-BF96-C00CDC9A6F6C}.Debug|x86.ActiveCfg = Debug|x86
		{2D2546B5-4F7D-4DE0-BF96-C00CDC9A6F6C}.Debug|x86.Build.0 = Debug|x86
		{2D2546B5-4F7D-4DE0-BF96-C00CDC9A6F6C}.Release|Any CPU.ActiveCfg = Release|x64
		{2D2546B5-4F7D-4DE0-BF96-C00CDC9A6F6C}.Release|Mixed Platforms.ActiveCfg = Release|x64
		{2D2546B5-4F7D-4DE0-BF96-C00CDC9A6F6C}.Release|Mixed Platforms.Build.0 = Release|x64
		{2D2546B5-4F7D-4DE0-BF96-C00CDC9A6F6C}.Release|Win32.ActiveCfg = Release|x64
		{2D2546B5-4F7D-4DE0-BF96-C00CDC9A6F6C}.Release|x64.ActiveCfg = Release|x64
		{2D2546B5-4F7D-4DE0-BF96-C00CDC9A6F6C}.Release|x64.Build.0 = Release|x64
		{2D2546B5-4F7D-4DE0-BF96-C00CDC9A6F6C}.Release|x86.ActiveCfg = Release|x86
		{2D2546B5-4F7D-4DE0-BF96-C00CDC9A6F6C}.Release|x86.Build.0 = Release|x86
		{03B87F76-C672-449A-9272-A866C6B62481}.Debug|Any CPU.ActiveCfg = Debug|x64
		{03B87F76-C672-449A-9272-A866C6B62481}.Debug|Mixed Platforms.ActiveCfg = Debug|x64
		{03B87F76-C672-449A-9272-A866C6B62481}.Debug|Mixed Platforms.Build.0 = Debug|x64
		{03B87F76-C672-449A-9272-A866C6B62481}.Debug|Win32.ActiveCfg = Debug|x64
		{03B87F76-C672-449A-9272-A866C6B62481}.Debug|x64.ActiveCfg = Debug|x64
		{03B87F76-C672-449A-9272-A866C6B62481}.Debug|x64.Build.0 = Debug|x64
		{03B87F76-C672-449A-9272-A866C6B62481}.Debug|x86.ActiveCfg = Debug|x86
		{03B87F76-C672-449A-9272-A866C6B62481}.Debug|x86.Build.0 = Debug|x86
		{03B87F76-C672-449A-9272-A866C6B62481}.Release|Any CPU.ActiveCfg = Release|x64
		{03B87F76-C672-449A-9272-A866C6B62481}.Release|Mixed Platforms.ActiveCfg = Release|x64
		{03B87F76-C672-449A-9272-A866C6B62481}.Release|Mixed Platforms.Build.0 = Release|x64
		{03B87F76-C672-449A-9272-A866C6B62481}.Release|Win32.ActiveCfg = Release|x64
		{03B87F76-C672-449A-9272-A866C6B62481}.Release|x64.ActiveCfg = Release|x64
		{03B87F76-C672-449A-9272-A866C6B62481}.Release|x64.Build.0 = Release|x64
		{03B87F76-C672-449A-9272-A866C6B62481}.Release|x86.ActiveCfg = Release|x86
		{03B87F76-C672-449A-9272-A866C6B62481}.Release|x86.Build.0 = Release|x86
		{95722EF0-B44A-4555-B6A5-D5DD370D66F2}.Debug|Any CPU.ActiveCfg = Debug|x86
		{95722EF0-B44A-4555-B6A5-D5DD370D66F2}.Debug|Mixed Platforms.ActiveCfg = Debug|x86
		{95722EF0-B44A-4555-B6A5-D5DD370D66F2}.Debug|Mixed Platforms.Build.0 = Debug|x86
		{95722EF0-B44A-4555-B6A5-D5DD370D66F2}.Debug|Win32.ActiveCfg = Debug|x86
		{95722EF0-B44A-4555-B6A5-D5DD370D66F2}.Debug|x64.ActiveCfg = Debug|x64
		{95722EF0-B44A-4555-B6A5-D5DD370D66F2}.Debug|x64.Build.0 = Debug|x64
		{95722EF0-B44A-4555-B6A5-D5DD370D66F2}.Debug|x86.ActiveCfg = Debug|x86
		{95722EF0-B44A-4555-B6A5-D5DD370D66F2}.Debug|x86.Build.0 = Debug|x86
		{95722EF0-B44A-4555-B6A5-D5DD370D66F2}.Release|Any CPU.ActiveCfg = Release|x86
		{95722EF0-B44A-4555-B6A5-D5DD370D66F2}.Release|Mixed Platforms.ActiveCfg = Release|x86
		{95722EF0-B44A-4555-B6A5-D5DD370D66F2}.Release|Mixed Platforms.Build.0 = Release|x86
		{95722EF0-B44A-4555-B6A5-D5DD370D66F2}.Release|Win32.ActiveCfg = Release|x86
		{95722EF0-B44A-4555-B6A5-D5DD370D66F2}.Release|x64.ActiveCfg = Release|x64
		{95722EF0-B44A-4555-B6A5-D5DD370D66F2}.Release|x64.Build.0 = Release|x64
		{95722EF0-B44A-4555-B6A5-D5DD370D66F2}.Release|x86.ActiveCfg = Release|x86
		{95722EF0-B44A-4555-B6A5-D5DD370D66F2}.Release|x86.Build.0 = Release|x86
		{E3A831E8-85C8-413F-A3E1-7F6B391B1148}.Debug|Any CPU.ActiveCfg = Debug|x64
		{E3A831E8-85C8-413F-A3E1-7F6B391B1148}.Debug|Mixed Platforms.ActiveCfg = Debug|x64
		{E3A831E8-85C8-413F-A3E1-7F6B391B1148}.Debug|Mixed Platforms.Build.0 = Debug|x64
		{E3A831E8-85C8-413F-A3E1-7F6B391B1148}.Debug|Win32.ActiveCfg = Debug|x64
		{E3A831E8-85C8-413F-A3E1-7F6B391B1148}.Debug|x64.ActiveCfg = Debug|x64
		{E3A831E8-85C8-413F-A3E1-7F6B391B1148}.Debug|x64.Build.0 = Debug|x64
		{E3A831E8-85C8-413F-A3E1-7F6B391B1148}.Debug|x86.ActiveCfg = Debug|x86
		{E3A831E8-85C8-413F-A3E1-7F6B391B1148}.Debug|x86.Build.0 = Debug|x86
		{E3A831E8-85C8-413F-A3E1-7F6B391B1148}.Release|Any CPU.ActiveCfg = Release|x64
		{E3A831E8-85C8-413F-A3E1-7F6B391B1148}.Release|Mixed Platforms.ActiveCfg = Release|x64
		{E3A831E8-85C8-413F-A3E1-7F6B391B1148}.Release|Mixed Platforms.Build.0 = Release|x64
		{E3A831E8-85C8-413F-A3E1-7F6B391B1148}.Release|Win32.ActiveCfg = Release|x64
		{E3A831E8-85C8-413F-A3E1-7F6B391B1148}.Release|x64.ActiveCfg = Release|x64
		{E3A831E8-85C8-413F-A3E1-7F6B391B1148}.Release|x64.Build.0 = Release|x64
		{E3A831E8-85C8-413F-A3E1-7F6B391B1148}.Release|x86.ActiveCfg = Release|x86
		{E3A831E8-85C8-413F-A3E1-7F6B391B1148}.Release|x86.Build.0 = Release|x86
		{8F5C70E5-0E77-4C5C-89E0-3F572531FA6B}.Debug|Any CPU.ActiveCfg = Debug|x64
		{8F5C70E5-0E77-4C5C-89E0-3F572531FA6B}.Debug|Mixed Platforms.ActiveCfg = Debug|x64
		{8F5C70E5-0E77-4C5C-89E0-3F572531FA6B}.Debug|Mixed Platforms.Build.0 = Debug|x64
		{8F5C70E5-0E77-4C5C-89E0-3F572531FA6B}.Debug|Win32.ActiveCfg = Debug|x64
		{8F5C70E5-0E77-4C5C-89E0-3F572531FA6B}.Debug|x64.ActiveCfg = Debug|x64
		{8F5C70E5-0E77-4C5C-89E0-3F572531FA6B}.Debug|x64.Build.0 = Debug|x64
		{8F5C70E5-0E77-4C5C-89E0-3F572531FA6B}.Debug|x86.ActiveCfg = Debug|x86
		{8F5C70E5-0E77-4C5C-89E0-3F572531FA6B}.Debug|x86.Build.0 = Debug|x86
		{8F5C70E5-0E77-4C5C-89E0-3F572531FA6B}.Release|Any CPU.ActiveCfg = Release|x64
		{8F5C70E5-0E77-4C5C-89E0-3F572531FA6B}.Release|Mixed Platforms.ActiveCfg = Release|x64
		{8F5C70E5-0E77-4C5C-89E0-3F572531FA6B}.Release|Mixed Platforms.Build.0 = Release|x64
		{8F5C70E5-0E77-4C5C-89E0-3F572531FA6B}.Release|Win32.ActiveCfg = Release|x64
		{8F5C70E5-0E77-4C5C-89E0-3F572531FA6B}.Release|x64.ActiveCfg = Release|x64
		{8F5C70E5-0E77-4C5C-89E0-3F572531FA6B}.Release|x64.Build.0 = Release|x64
		{8F5C70E5-0E77-4C5C-89E0-3F572531FA6B}.Release|x86.ActiveCfg = Release|x86
		{8F5C70E5-0E77-4C5C-89E0-3F572531FA6B}.Release|x86.Build.0 = Release|x86
		{1AB83FFB-3A79-4DFA-9E18-98F506E62951}.Debug|Any CPU.ActiveCfg = Debug|x64
		{1AB83FFB-3A79-4DFA-9E18-98F506E62951}.Debug|Mixed Platforms.ActiveCfg = Debug|x64
		{1AB83FFB-3A79-4DFA-9E18-98F506E62951}.Debug|Mixed Platforms.Build.0 = Debug|x64
		{1AB83FFB-3A79-4DFA-9E18-98F506E62951}.Debug|Win32.ActiveCfg = Debug|x64
		{1AB83FFB-3A79-4DFA-9E18-98F506E62951}.Debug|x64.ActiveCfg = Debug|x64
		{1AB83FFB-3A79-4DFA-9E18-98F506E62951}.Debug|x64.Build.0 = Debug|x64
		{1AB83FFB-3A79-4DFA-9E18-98F506E62951}.Debug|x86.ActiveCfg = Debug|x86
		{1AB83FFB-3A79-4DFA-9E18-98F506E62951}.Debug|x86.Build.0 = Debug|x86
		{1AB83FFB-3A79-4DFA-9E18-98F506E62951}.Release|Any CPU.ActiveCfg = Release|x64
		{1AB83FFB-3A79-4DFA-9E18-98F506E62951}.Release|Mixed Platforms.ActiveCfg = Release|x64
		{1AB83FFB-3A79-4DFA-9E18-98F506E62951}.Release|Mixed Platforms.Build.0 = Release|x64
		{1AB83FFB-3A79-4DFA-9E18-98F506E62951}.Release|Win32.ActiveCfg = Release|x64
		{1AB83FFB-3A79-4DFA-9E18-98F506E62951}.Release|x64.ActiveCfg = Release|x64
		{1AB83FFB-3A79-4DFA-9E18-98F506E62951}.Release|x64.Build.0 = Release|x64
		{1AB83FFB-3A79-4DFA-9E18-98F506E62951}.Release|x86.ActiveCfg = Release|x86
		{1AB83FFB-3A79-4DFA-9E18-98F506E62951}.Release|x86.Build.0 = Release|x86
	EndGlobalSection
	GlobalSection(SolutionProperties) = preSolution
		HideSolutionNode = FALSE
	EndGlobalSection
EndGlobal
